
Microsoft Visual Studio Solution File, Format Version 12.00
# Visual Studio Version 17
VisualStudioVersion = 17.4.33103.184
MinimumVisualStudioVersion = 10.0.40219.1
Project("{9A19103F-16F7-4668-BE54-9A1E7A4F7556}") = "RestaurenManage", "RestaurenManage\RestaurenManage.csproj", "{A95DB503-CEF9-4EB9-A660-6EE25DBE1431}"
EndProject
Global
	GlobalSection(SolutionConfigurationPlatforms) = preSolution
		Debug|Any CPU = Debug|Any CPU
		Release|Any CPU = Release|Any CPU
	EndGlobalSection
	GlobalSection(ProjectConfigurationPlatforms) = postSolution
		{A95DB503-CEF9-4EB9-A660-6EE25DBE1431}.Debug|Any CPU.ActiveCfg = Debug|Any CPU
		{A95DB503-CEF9-4EB9-A660-6EE25DBE1431}.Debug|Any CPU.Build.0 = Debug|Any CPU
		{A95DB503-CEF9-4EB9-A660-6EE25DBE1431}.Release|Any CPU.ActiveCfg = Release|Any CPU
		{A95DB503-CEF9-4EB9-A660-6EE25DBE1431}.Release|Any CPU.Build.0 = Release|Any CPU
	EndGlobalSection
	GlobalSection(SolutionProperties) = preSolution
		HideSolutionNode = FALSE
	EndGlobalSection
	GlobalSection(ExtensibilityGlobals) = postSolution
		SolutionGuid = {30B8653B-E3BA-4568-92AC-0710450F04DC}
	EndGlobalSection
EndGlobal
